github.com/Oyatillohgayratov/config-loader v0.0.0-20240904161608-22afd4e6ae17 h1:mYn0PIfenLZ3h5J82XqtZXG1a/KwFAOBYs3F7AhIISs=
github.com/Oyatillohgayratov/config-loader v0.0.0-20240904161608-22afd4e6ae17/go.mod h1:/DiEaVZ2ICS5DZm1HXVI/vRzaye7eKAD784+J+QgSRQ=
github.com/joho/godotenv v1.5.1 h1:7eLL/+HRGLY0ldzfGMeQkb7vMd0as4CfYvUVzLqw0N0=
github.com/joho/godotenv v1.5.1/go.mod h1:f4LDr5Voq0i2e/R5DDNOoa2zzDfwtkZa6DnEwAbqwq4=
github.com/lib/pq v1.10.9 h1:YXG7RB+JIjhP29X+OtkiDnYaXQwpS4JEWq7dtCCRUEw=
github.com/lib/pq v1.10.9/go.mod h1:AlVN5x4E4T544tWzH6hKfbfQvm3HdbOxrmggDNAPY9o=
github.com/sqlc-dev/pqtype v0.3.0 h1:b09TewZ3cSnO5+M1Kqq05y0+OjqIptxELaSayg7bmqk=
github.com/sqlc-dev/pqtype v0.3.0/go.mod h1:oyUjp5981ctiL9UYvj1bVvCKi8OXkCa0u645hce7CAs=
golang.org/x/crypto v0.27.0 h1:GXm2NjJrPaiv/h1tb2UH8QfgC/hOf/+z0p6PT8o1w7A=
golang.org/x/crypto v0.27.0/go.mod h1:1Xngt8kV6Dvbssa53Ziq6Eqn0HqbZi5Z6R0ZpwQzt70=
gopkg.in/check.v1 v0.0.0-20161208181325-20d25e280405 h1:yhCVgyC4o1eVCa2tZl7eS0r+SDo693bJlVdllGtEeKM=
gopkg.in/check.v1 v0.0.0-20161208181325-20d25e280405/go.mod h1:Co6ibVJAznAaIkqp8huTwlJQCZ016jof/cbN4VW5Yz0=
gopkg.in/yaml.v3 v3.0.1 h1:fxVm/GzAzEWqLHuvctI91KS9hhNmmWOoWu0XTYJS7CA=
gopkg.in/yaml.v3 v3.0.1/go.mod h1:K4uyk7z7BCEPqu6E+C64Yfv1cQ7kz7rIZviUmN+EgEM=
